
Microsoft Visual Studio Solution File, Format Version 12.00
# Visual Studio Version 17
VisualStudioVersion = 17.7.34221.43
MinimumVisualStudioVersion = 10.0.40219.1
Project("{FAE04EC0-301F-11D3-BF4B-00C04F79EFBC}") = "Question 2", "Question 2.csproj", "{081BC837-91B0-47B8-8A48-E4B19D6768B7}"
EndProject
Global
	GlobalSection(SolutionConfigurationPlatforms) = preSolution
		Debug|Any CPU = Debug|Any CPU
		Release|Any CPU = Release|Any CPU
	EndGlobalSection
	GlobalSection(ProjectConfigurationPlatforms) = postSolution
		{081BC837-91B0-47B8-8A48-E4B19D6768B7}.Debug|Any CPU.ActiveCfg = Debug|Any CPU
		{081BC837-91B0-47B8-8A48-E4B19D6768B7}.Debug|Any CPU.Build.0 = Debug|Any CPU
		{081BC837-91B0-47B8-8A48-E4B19D6768B7}.Release|Any CPU.ActiveCfg = Release|Any CPU
		{081BC837-91B0-47B8-8A48-E4B19D6768B7}.Release|Any CPU.Build.0 = Release|Any CPU
	EndGlobalSection
	GlobalSection(SolutionProperties) = preSolution
		HideSolutionNode = FALSE
	EndGlobalSection
	GlobalSection(ExtensibilityGlobals) = postSolution
		SolutionGuid = {C67C86C4-14A0-43D8-8576-EE0733225217}
	EndGlobalSection
EndGlobal
